
Microsoft Visual Studio Solution File, Format Version 12.00
# Visual Studio Version 17
VisualStudioVersion = 17.8.34511.84
MinimumVisualStudioVersion = 10.0.40219.1
Project("{FAE04EC0-301F-11D3-BF4B-00C04F79EFBC}") = "Start", "Start\Start.csproj", "{42D97CF3-F65D-4F86-8F75-FB876315E266}"
EndProject
Project("{FAE04EC0-301F-11D3-BF4B-00C04F79EFBC}") = "FirePåStribe", "FirePåStribe\FirePåStribe.csproj", "{04CF1FD0-A2D9-4E6C-AA78-4729B6BF95D1}"
EndProject
Global
	GlobalSection(SolutionConfigurationPlatforms) = preSolution
		Debug|Any CPU = Debug|Any CPU
		Release|Any CPU = Release|Any CPU
	EndGlobalSection
	GlobalSection(ProjectConfigurationPlatforms) = postSolution
		{42D97CF3-F65D-4F86-8F75-FB876315E266}.Debug|Any CPU.ActiveCfg = Debug|Any CPU
		{42D97CF3-F65D-4F86-8F75-FB876315E266}.Debug|Any CPU.Build.0 = Debug|Any CPU
		{42D97CF3-F65D-4F86-8F75-FB876315E266}.Release|Any CPU.ActiveCfg = Release|Any CPU
		{42D97CF3-F65D-4F86-8F75-FB876315E266}.Release|Any CPU.Build.0 = Release|Any CPU
		{04CF1FD0-A2D9-4E6C-AA78-4729B6BF95D1}.Debug|Any CPU.ActiveCfg = Debug|Any CPU
		{04CF1FD0-A2D9-4E6C-AA78-4729B6BF95D1}.Debug|Any CPU.Build.0 = Debug|Any CPU
		{04CF1FD0-A2D9-4E6C-AA78-4729B6BF95D1}.Release|Any CPU.ActiveCfg = Release|Any CPU
		{04CF1FD0-A2D9-4E6C-AA78-4729B6BF95D1}.Release|Any CPU.Build.0 = Release|Any CPU
	EndGlobalSection
	GlobalSection(SolutionProperties) = preSolution
		HideSolutionNode = FALSE
	EndGlobalSection
	GlobalSection(ExtensibilityGlobals) = postSolution
		SolutionGuid = {81A6236B-39B9-435F-890D-D08FC2C4F43A}
	EndGlobalSection
EndGlobal
